// !$*UTF8*$!
{
	archiveVersion = 1;
	classes = {
	};
	objectVersion = 56;
	objects = {

/* Begin PBXBuildFile section */
		C20749452A5B9FAB00240A66 /* CSVTableView.swift in Sources */ = {isa = PBXBuildFile; fileRef = C20749442A5B9FAB00240A66 /* CSVTableView.swift */; };
		C20749482A5BA02700240A66 /* AppStoreConnectSalesColumnHeaders.swift in Sources */ = {isa = PBXBuildFile; fileRef = C20749472A5BA02700240A66 /* AppStoreConnectSalesColumnHeaders.swift */; };
		C253B1B12A644C9A00218532 /* FilterControlsView.swift in Sources */ = {isa = PBXBuildFile; fileRef = C253B1B02A644C9A00218532 /* FilterControlsView.swift */; };
		C253B1B62A64747900218532 /* BackgroundBlurView.swift in Sources */ = {isa = PBXBuildFile; fileRef = C253B1B52A64747900218532 /* BackgroundBlurView.swift */; };
		C2546ADF2A58877B00C83FEC /* AppDefaults.swift in Sources */ = {isa = PBXBuildFile; fileRef = C2546ADE2A58877B00C83FEC /* AppDefaults.swift */; };
		C2546AE12A58965900C83FEC /* ExchangeRateData.swift in Sources */ = {isa = PBXBuildFile; fileRef = C2546AE02A58965900C83FEC /* ExchangeRateData.swift */; };
		C2546AE62A58973400C83FEC /* ZIPFoundation in Frameworks */ = {isa = PBXBuildFile; productRef = C2546AE52A58973400C83FEC /* ZIPFoundation */; };
		C2546AE82A58975E00C83FEC /* DownloadManager.swift in Sources */ = {isa = PBXBuildFile; fileRef = C2546AE72A58975E00C83FEC /* DownloadManager.swift */; };
		C2546AEA2A589A5000C83FEC /* DownloadManagerSession.swift in Sources */ = {isa = PBXBuildFile; fileRef = C2546AE92A589A5000C83FEC /* DownloadManagerSession.swift */; };
		C2546AED2A58A19400C83FEC /* SwiftCSV in Frameworks */ = {isa = PBXBuildFile; productRef = C2546AEC2A58A19400C83FEC /* SwiftCSV */; };
		C2546AF02A58A1D000C83FEC /* SQLite in Frameworks */ = {isa = PBXBuildFile; productRef = C2546AEF2A58A1D000C83FEC /* SQLite */; };
		C2546AF22A58A76A00C83FEC /* URLExtensions.swift in Sources */ = {isa = PBXBuildFile; fileRef = C2546AF12A58A76A00C83FEC /* URLExtensions.swift */; };
		C2546AF62A58A93F00C83FEC /* ParseCSV.swift in Sources */ = {isa = PBXBuildFile; fileRef = C2546AF52A58A93F00C83FEC /* ParseCSV.swift */; };
		C2546AF92A59B89800C83FEC /* ConvertCSV.swift in Sources */ = {isa = PBXBuildFile; fileRef = C2546AF82A59B89800C83FEC /* ConvertCSV.swift */; };
		C2546AFC2A59B93300C83FEC /* Debug.swift in Sources */ = {isa = PBXBuildFile; fileRef = C2546AFB2A59B93300C83FEC /* Debug.swift */; };
		C255F2D92A5B556B004B7F95 /* WindowController.swift in Sources */ = {isa = PBXBuildFile; fileRef = C255F2D82A5B556B004B7F95 /* WindowController.swift */; };
		C255F3022A5B7F11004B7F95 /* FileTemplates.swift in Sources */ = {isa = PBXBuildFile; fileRef = C255F3012A5B7F11004B7F95 /* FileTemplates.swift */; };
		C255F3052A5B8225004B7F95 /* ConvertTSV.swift in Sources */ = {isa = PBXBuildFile; fileRef = C255F3042A5B8225004B7F95 /* ConvertTSV.swift */; };
		C2636F8D2A585D4E0091BE7D /* AppDelegate.swift in Sources */ = {isa = PBXBuildFile; fileRef = C2636F8C2A585D4E0091BE7D /* AppDelegate.swift */; };
		C2636F8F2A585D4E0091BE7D /* ViewController.swift in Sources */ = {isa = PBXBuildFile; fileRef = C2636F8E2A585D4E0091BE7D /* ViewController.swift */; };
		C2636F912A585D4F0091BE7D /* Assets.xcassets in Resources */ = {isa = PBXBuildFile; fileRef = C2636F902A585D4F0091BE7D /* Assets.xcassets */; };
		C2636F942A585D4F0091BE7D /* Main.storyboard in Resources */ = {isa = PBXBuildFile; fileRef = C2636F922A585D4F0091BE7D /* Main.storyboard */; };
		C2636F9D2A5861350091BE7D /* Settings.swift in Sources */ = {isa = PBXBuildFile; fileRef = C2636F9C2A5861350091BE7D /* Settings.swift */; };
		C2636FA82A5882480091BE7D /* KeysExtensions.swift in Sources */ = {isa = PBXBuildFile; fileRef = C2636FA72A5882480091BE7D /* KeysExtensions.swift */; };
		C273B9262A5B2FB600212717 /* Constants.swift in Sources */ = {isa = PBXBuildFile; fileRef = C273B9252A5B2FB600212717 /* Constants.swift */; };
		C273B9282A5B32B900212717 /* DailyCheck.swift in Sources */ = {isa = PBXBuildFile; fileRef = C273B9272A5B32B900212717 /* DailyCheck.swift */; };
		C2B11C932A6598A10034FA1D /* DataSelectionView.swift in Sources */ = {isa = PBXBuildFile; fileRef = C2B11C922A6598A10034FA1D /* DataSelectionView.swift */; };
		C2B11C952A66048F0034FA1D /* QueryCurrencyCodeHeaders.swift in Sources */ = {isa = PBXBuildFile; fileRef = C2B11C942A66048F0034FA1D /* QueryCurrencyCodeHeaders.swift */; };
		C2B11C972A661E490034FA1D /* Utility+TableView.swift in Sources */ = {isa = PBXBuildFile; fileRef = C2B11C962A661E490034FA1D /* Utility+TableView.swift */; };
		C2B11C9C2A6629160034FA1D /* Query+UsdExchangeRate.swift in Sources */ = {isa = PBXBuildFile; fileRef = C2B11C9B2A6629160034FA1D /* Query+UsdExchangeRate.swift */; };
		C2B11C9E2A66298D0034FA1D /* Query.swift in Sources */ = {isa = PBXBuildFile; fileRef = C2B11C9D2A66298D0034FA1D /* Query.swift */; };
		C2B11CA02A6643950034FA1D /* Query+NewCurrencyExchangeRate.swift in Sources */ = {isa = PBXBuildFile; fileRef = C2B11C9F2A6643950034FA1D /* Query+NewCurrencyExchangeRate.swift */; };
		C2B83CAC2A5C54B1009763B6 /* ViewController+ImportFile.swift in Sources */ = {isa = PBXBuildFile; fileRef = C2B83CAB2A5C54B1009763B6 /* ViewController+ImportFile.swift */; };
		C2B83CB72A5C6907009763B6 /* FileExtensions.swift in Sources */ = {isa = PBXBuildFile; fileRef = C2B83CB62A5C6907009763B6 /* FileExtensions.swift */; };
		C2B83CBA2A5C776A009763B6 /* StatusBarState.swift in Sources */ = {isa = PBXBuildFile; fileRef = C2B83CB92A5C776A009763B6 /* StatusBarState.swift */; };
		C2B83CBC2A5C7AF4009763B6 /* ViewController+StatusBar.swift in Sources */ = {isa = PBXBuildFile; fileRef = C2B83CBB2A5C7AF4009763B6 /* ViewController+StatusBar.swift */; };
		C2B83CBE2A5C7E96009763B6 /* ViewController+Reachability.swift in Sources */ = {isa = PBXBuildFile; fileRef = C2B83CBD2A5C7E96009763B6 /* ViewController+Reachability.swift */; };
		C2B83CC22A5C8350009763B6 /* DebugMenu.swift in Sources */ = {isa = PBXBuildFile; fileRef = C2B83CC12A5C8350009763B6 /* DebugMenu.swift */; };
		C2B83CC82A5C9D22009763B6 /* LaunchScreenData.swift in Sources */ = {isa = PBXBuildFile; fileRef = C2B83CC72A5C9D22009763B6 /* LaunchScreenData.swift */; };
		C2B83CCC2A5C9E5C009763B6 /* ViewController+Filters.swift in Sources */ = {isa = PBXBuildFile; fileRef = C2B83CCB2A5C9E5C009763B6 /* ViewController+Filters.swift */; };
		C2B83CCE2A5C9ED4009763B6 /* ViewController+Launch.swift in Sources */ = {isa = PBXBuildFile; fileRef = C2B83CCD2A5C9ED4009763B6 /* ViewController+Launch.swift */; };
		C2B83CD02A5DB998009763B6 /* ConvertXLSX.swift in Sources */ = {isa = PBXBuildFile; fileRef = C2B83CCF2A5DB998009763B6 /* ConvertXLSX.swift */; };
		C2B83CD32A5DBB0D009763B6 /* Utility.swift in Sources */ = {isa = PBXBuildFile; fileRef = C2B83CD22A5DBB0D009763B6 /* Utility.swift */; };
		C2B83CD62A5DBBE3009763B6 /* CoreXLSX in Frameworks */ = {isa = PBXBuildFile; productRef = C2B83CD52A5DBBE3009763B6 /* CoreXLSX */; };
		C2B83CD82A5DC1FE009763B6 /* ConvertFile.swift in Sources */ = {isa = PBXBuildFile; fileRef = C2B83CD72A5DC1FE009763B6 /* ConvertFile.swift */; };
		C2B83CDC2A5DD7E6009763B6 /* RemoveEmptyEntries.swift in Sources */ = {isa = PBXBuildFile; fileRef = C2B83CDB2A5DD7E6009763B6 /* RemoveEmptyEntries.swift */; };
		C2B83CDF2A5DF062009763B6 /* CSV+HeaderRow.swift in Sources */ = {isa = PBXBuildFile; fileRef = C2B83CDE2A5DF062009763B6 /* CSV+HeaderRow.swift */; };
		C2BC70732A68593400FB627F /* ExportTable.swift in Sources */ = {isa = PBXBuildFile; fileRef = C2BC70722A68593400FB627F /* ExportTable.swift */; };
		C2BC70752A685A5900FB627F /* SaveFileView.swift in Sources */ = {isa = PBXBuildFile; fileRef = C2BC70742A685A5900FB627F /* SaveFileView.swift */; };
		C2BC70772A68643E00FB627F /* ViewController+SaveFileView.swift in Sources */ = {isa = PBXBuildFile; fileRef = C2BC70762A68643E00FB627F /* ViewController+SaveFileView.swift */; };
		C2BC70792A686FF600FB627F /* LargeButton.swift in Sources */ = {isa = PBXBuildFile; fileRef = C2BC70782A686FF600FB627F /* LargeButton.swift */; };
		C2BC707C2A68846700FB627F /* ViewController+ExportTable.swift in Sources */ = {isa = PBXBuildFile; fileRef = C2BC707B2A68846700FB627F /* ViewController+ExportTable.swift */; };
		C2C8FB1A2A66CD6300DBD083 /* ViewController+DataSelectionViewHostingController.swift in Sources */ = {isa = PBXBuildFile; fileRef = C2C8FB192A66CD6300DBD083 /* ViewController+DataSelectionViewHostingController.swift */; };
		C2C8FB1C2A66CE4E00DBD083 /* ViewController+Animations.swift in Sources */ = {isa = PBXBuildFile; fileRef = C2C8FB1B2A66CE4E00DBD083 /* ViewController+Animations.swift */; };
		C2C8FB202A66CF3600DBD083 /* ViewController+Toolbar.swift in Sources */ = {isa = PBXBuildFile; fileRef = C2C8FB1F2A66CF3600DBD083 /* ViewController+Toolbar.swift */; };
		C2C8FB222A66D1FE00DBD083 /* ViewController+HeaderColumnFilters.swift in Sources */ = {isa = PBXBuildFile; fileRef = C2C8FB212A66D1FE00DBD083 /* ViewController+HeaderColumnFilters.swift */; };
		C2DC12742A6ACD8A000D99AB /* xlsxwriter in Frameworks */ = {isa = PBXBuildFile; productRef = C2DC12732A6ACD8A000D99AB /* xlsxwriter */; };
		C2DC12762A6AE786000D99AB /* ViewController+RevealSavedFilePrompt.swift in Sources */ = {isa = PBXBuildFile; fileRef = C2DC12752A6AE786000D99AB /* ViewController+RevealSavedFilePrompt.swift */; };
		C2ED16B62A6310A00037A558 /* CSV+FilterControls.swift in Sources */ = {isa = PBXBuildFile; fileRef = C2ED16B52A6310A00037A558 /* CSV+FilterControls.swift */; };
		C2ED16B82A6312FB0037A558 /* CSVTableViewDelegate.swift in Sources */ = {isa = PBXBuildFile; fileRef = C2ED16B72A6312FB0037A558 /* CSVTableViewDelegate.swift */; };
		C2ED16BB2A632AEA0037A558 /* CenteredTextFieldCell.swift in Sources */ = {isa = PBXBuildFile; fileRef = C2ED16BA2A632AEA0037A558 /* CenteredTextFieldCell.swift */; };
/* End PBXBuildFile section */

/* Begin PBXFileReference section */
		C20749442A5B9FAB00240A66 /* CSVTableView.swift */ = {isa = PBXFileReference; lastKnownFileType = sourcecode.swift; path = CSVTableView.swift; sourceTree = "<group>"; };
		C20749472A5BA02700240A66 /* AppStoreConnectSalesColumnHeaders.swift */ = {isa = PBXFileReference; lastKnownFileType = sourcecode.swift; path = AppStoreConnectSalesColumnHeaders.swift; sourceTree = "<group>"; };
		C253B1B02A644C9A00218532 /* FilterControlsView.swift */ = {isa = PBXFileReference; lastKnownFileType = sourcecode.swift; path = FilterControlsView.swift; sourceTree = "<group>"; };
		C253B1B52A64747900218532 /* BackgroundBlurView.swift */ = {isa = PBXFileReference; lastKnownFileType = sourcecode.swift; path = BackgroundBlurView.swift; sourceTree = "<group>"; };
		C2546ADE2A58877B00C83FEC /* AppDefaults.swift */ = {isa = PBXFileReference; lastKnownFileType = sourcecode.swift; path = AppDefaults.swift; sourceTree = "<group>"; };
		C2546AE02A58965900C83FEC /* ExchangeRateData.swift */ = {isa = PBXFileReference; lastKnownFileType = sourcecode.swift; path = ExchangeRateData.swift; sourceTree = "<group>"; };
		C2546AE72A58975E00C83FEC /* DownloadManager.swift */ = {isa = PBXFileReference; lastKnownFileType = sourcecode.swift; path = DownloadManager.swift; sourceTree = "<group>"; };
		C2546AE92A589A5000C83FEC /* DownloadManagerSession.swift */ = {isa = PBXFileReference; lastKnownFileType = sourcecode.swift; path = DownloadManagerSession.swift; sourceTree = "<group>"; };
		C2546AF12A58A76A00C83FEC /* URLExtensions.swift */ = {isa = PBXFileReference; lastKnownFileType = sourcecode.swift; path = URLExtensions.swift; sourceTree = "<group>"; };
		C2546AF52A58A93F00C83FEC /* ParseCSV.swift */ = {isa = PBXFileReference; lastKnownFileType = sourcecode.swift; path = ParseCSV.swift; sourceTree = "<group>"; };
		C2546AF82A59B89800C83FEC /* ConvertCSV.swift */ = {isa = PBXFileReference; lastKnownFileType = sourcecode.swift; path = ConvertCSV.swift; sourceTree = "<group>"; };
		C2546AFB2A59B93300C83FEC /* Debug.swift */ = {isa = PBXFileReference; lastKnownFileType = sourcecode.swift; path = Debug.swift; sourceTree = "<group>"; };
		C255F2D82A5B556B004B7F95 /* WindowController.swift */ = {isa = PBXFileReference; lastKnownFileType = sourcecode.swift; path = WindowController.swift; sourceTree = "<group>"; };
		C255F3012A5B7F11004B7F95 /* FileTemplates.swift */ = {isa = PBXFileReference; lastKnownFileType = sourcecode.swift; path = FileTemplates.swift; sourceTree = "<group>"; };
		C255F3042A5B8225004B7F95 /* ConvertTSV.swift */ = {isa = PBXFileReference; lastKnownFileType = sourcecode.swift; path = ConvertTSV.swift; sourceTree = "<group>"; };
		C2636F892A585D4E0091BE7D /* Rates.app */ = {isa = PBXFileReference; explicitFileType = wrapper.application; includeInIndex = 0; path = Rates.app; sourceTree = BUILT_PRODUCTS_DIR; };
		C2636F8C2A585D4E0091BE7D /* AppDelegate.swift */ = {isa = PBXFileReference; lastKnownFileType = sourcecode.swift; path = AppDelegate.swift; sourceTree = "<group>"; };
		C2636F8E2A585D4E0091BE7D /* ViewController.swift */ = {isa = PBXFileReference; lastKnownFileType = sourcecode.swift; path = ViewController.swift; sourceTree = "<group>"; };
		C2636F902A585D4F0091BE7D /* Assets.xcassets */ = {isa = PBXFileReference; lastKnownFileType = folder.assetcatalog; path = Assets.xcassets; sourceTree = "<group>"; };
		C2636F932A585D4F0091BE7D /* Base */ = {isa = PBXFileReference; lastKnownFileType = file.storyboard; name = Base; path = Base.lproj/Main.storyboard; sourceTree = "<group>"; };
		C2636F952A585D4F0091BE7D /* Rates.entitlements */ = {isa = PBXFileReference; lastKnownFileType = text.plist.entitlements; path = Rates.entitlements; sourceTree = "<group>"; };
		C2636F9C2A5861350091BE7D /* Settings.swift */ = {isa = PBXFileReference; lastKnownFileType = sourcecode.swift; path = Settings.swift; sourceTree = "<group>"; };
		C2636FA72A5882480091BE7D /* KeysExtensions.swift */ = {isa = PBXFileReference; lastKnownFileType = sourcecode.swift; path = KeysExtensions.swift; sourceTree = "<group>"; };
		C273B9252A5B2FB600212717 /* Constants.swift */ = {isa = PBXFileReference; lastKnownFileType = sourcecode.swift; path = Constants.swift; sourceTree = "<group>"; };
		C273B9272A5B32B900212717 /* DailyCheck.swift */ = {isa = PBXFileReference; lastKnownFileType = sourcecode.swift; path = DailyCheck.swift; sourceTree = "<group>"; };
		C2B11C922A6598A10034FA1D /* DataSelectionView.swift */ = {isa = PBXFileReference; lastKnownFileType = sourcecode.swift; path = DataSelectionView.swift; sourceTree = "<group>"; };
		C2B11C942A66048F0034FA1D /* QueryCurrencyCodeHeaders.swift */ = {isa = PBXFileReference; lastKnownFileType = sourcecode.swift; path = QueryCurrencyCodeHeaders.swift; sourceTree = "<group>"; };
		C2B11C962A661E490034FA1D /* Utility+TableView.swift */ = {isa = PBXFileReference; lastKnownFileType = sourcecode.swift; path = "Utility+TableView.swift"; sourceTree = "<group>"; };
		C2B11C9B2A6629160034FA1D /* Query+UsdExchangeRate.swift */ = {isa = PBXFileReference; lastKnownFileType = sourcecode.swift; path = "Query+UsdExchangeRate.swift"; sourceTree = "<group>"; };
		C2B11C9D2A66298D0034FA1D /* Query.swift */ = {isa = PBXFileReference; lastKnownFileType = sourcecode.swift; path = Query.swift; sourceTree = "<group>"; };
		C2B11C9F2A6643950034FA1D /* Query+NewCurrencyExchangeRate.swift */ = {isa = PBXFileReference; lastKnownFileType = sourcecode.swift; path = "Query+NewCurrencyExchangeRate.swift"; sourceTree = "<group>"; };
		C2B83CAB2A5C54B1009763B6 /* ViewController+ImportFile.swift */ = {isa = PBXFileReference; lastKnownFileType = sourcecode.swift; path = "ViewController+ImportFile.swift"; sourceTree = "<group>"; };
		C2B83CB62A5C6907009763B6 /* FileExtensions.swift */ = {isa = PBXFileReference; lastKnownFileType = sourcecode.swift; path = FileExtensions.swift; sourceTree = "<group>"; };
		C2B83CB92A5C776A009763B6 /* StatusBarState.swift */ = {isa = PBXFileReference; lastKnownFileType = sourcecode.swift; path = StatusBarState.swift; sourceTree = "<group>"; };
		C2B83CBB2A5C7AF4009763B6 /* ViewController+StatusBar.swift */ = {isa = PBXFileReference; lastKnownFileType = sourcecode.swift; path = "ViewController+StatusBar.swift"; sourceTree = "<group>"; };
		C2B83CBD2A5C7E96009763B6 /* ViewController+Reachability.swift */ = {isa = PBXFileReference; lastKnownFileType = sourcecode.swift; path = "ViewController+Reachability.swift"; sourceTree = "<group>"; };
		C2B83CC12A5C8350009763B6 /* DebugMenu.swift */ = {isa = PBXFileReference; lastKnownFileType = sourcecode.swift; path = DebugMenu.swift; sourceTree = "<group>"; };
		C2B83CC72A5C9D22009763B6 /* LaunchScreenData.swift */ = {isa = PBXFileReference; lastKnownFileType = sourcecode.swift; path = LaunchScreenData.swift; sourceTree = "<group>"; };
		C2B83CCB2A5C9E5C009763B6 /* ViewController+Filters.swift */ = {isa = PBXFileReference; lastKnownFileType = sourcecode.swift; path = "ViewController+Filters.swift"; sourceTree = "<group>"; };
		C2B83CCD2A5C9ED4009763B6 /* ViewController+Launch.swift */ = {isa = PBXFileReference; lastKnownFileType = sourcecode.swift; path = "ViewController+Launch.swift"; sourceTree = "<group>"; };
		C2B83CCF2A5DB998009763B6 /* ConvertXLSX.swift */ = {isa = PBXFileReference; lastKnownFileType = sourcecode.swift; path = ConvertXLSX.swift; sourceTree = "<group>"; };
		C2B83CD22A5DBB0D009763B6 /* Utility.swift */ = {isa = PBXFileReference; lastKnownFileType = sourcecode.swift; path = Utility.swift; sourceTree = "<group>"; };
		C2B83CD72A5DC1FE009763B6 /* ConvertFile.swift */ = {isa = PBXFileReference; lastKnownFileType = sourcecode.swift; path = ConvertFile.swift; sourceTree = "<group>"; };
		C2B83CDB2A5DD7E6009763B6 /* RemoveEmptyEntries.swift */ = {isa = PBXFileReference; lastKnownFileType = sourcecode.swift; path = RemoveEmptyEntries.swift; sourceTree = "<group>"; };
		C2B83CDE2A5DF062009763B6 /* CSV+HeaderRow.swift */ = {isa = PBXFileReference; lastKnownFileType = sourcecode.swift; path = "CSV+HeaderRow.swift"; sourceTree = "<group>"; };
		C2BC70722A68593400FB627F /* ExportTable.swift */ = {isa = PBXFileReference; lastKnownFileType = sourcecode.swift; path = ExportTable.swift; sourceTree = "<group>"; };
		C2BC70742A685A5900FB627F /* SaveFileView.swift */ = {isa = PBXFileReference; lastKnownFileType = sourcecode.swift; path = SaveFileView.swift; sourceTree = "<group>"; };
		C2BC70762A68643E00FB627F /* ViewController+SaveFileView.swift */ = {isa = PBXFileReference; lastKnownFileType = sourcecode.swift; path = "ViewController+SaveFileView.swift"; sourceTree = "<group>"; };
		C2BC70782A686FF600FB627F /* LargeButton.swift */ = {isa = PBXFileReference; lastKnownFileType = sourcecode.swift; path = LargeButton.swift; sourceTree = "<group>"; };
		C2BC707B2A68846700FB627F /* ViewController+ExportTable.swift */ = {isa = PBXFileReference; lastKnownFileType = sourcecode.swift; path = "ViewController+ExportTable.swift"; sourceTree = "<group>"; };
		C2C8FB192A66CD6300DBD083 /* ViewController+DataSelectionViewHostingController.swift */ = {isa = PBXFileReference; lastKnownFileType = sourcecode.swift; path = "ViewController+DataSelectionViewHostingController.swift"; sourceTree = "<group>"; };
		C2C8FB1B2A66CE4E00DBD083 /* ViewController+Animations.swift */ = {isa = PBXFileReference; lastKnownFileType = sourcecode.swift; path = "ViewController+Animations.swift"; sourceTree = "<group>"; };
		C2C8FB1F2A66CF3600DBD083 /* ViewController+Toolbar.swift */ = {isa = PBXFileReference; lastKnownFileType = sourcecode.swift; path = "ViewController+Toolbar.swift"; sourceTree = "<group>"; };
		C2C8FB212A66D1FE00DBD083 /* ViewController+HeaderColumnFilters.swift */ = {isa = PBXFileReference; lastKnownFileType = sourcecode.swift; path = "ViewController+HeaderColumnFilters.swift"; sourceTree = "<group>"; };
		C2DC12752A6AE786000D99AB /* ViewController+RevealSavedFilePrompt.swift */ = {isa = PBXFileReference; lastKnownFileType = sourcecode.swift; path = "ViewController+RevealSavedFilePrompt.swift"; sourceTree = "<group>"; };
		C2ED16B52A6310A00037A558 /* CSV+FilterControls.swift */ = {isa = PBXFileReference; lastKnownFileType = sourcecode.swift; path = "CSV+FilterControls.swift"; sourceTree = "<group>"; };
		C2ED16B72A6312FB0037A558 /* CSVTableViewDelegate.swift */ = {isa = PBXFileReference; lastKnownFileType = sourcecode.swift; path = CSVTableViewDelegate.swift; sourceTree = "<group>"; };
		C2ED16BA2A632AEA0037A558 /* CenteredTextFieldCell.swift */ = {isa = PBXFileReference; lastKnownFileType = sourcecode.swift; path = CenteredTextFieldCell.swift; sourceTree = "<group>"; };
/* End PBXFileReference section */

/* Begin PBXFrameworksBuildPhase section */
		C2636F862A585D4D0091BE7D /* Frameworks */ = {
			isa = PBXFrameworksBuildPhase;
			buildActionMask = 2147483647;
			files = (
				C2B83CD62A5DBBE3009763B6 /* CoreXLSX in Frameworks */,
				C2546AF02A58A1D000C83FEC /* SQLite in Frameworks */,
				C2546AE62A58973400C83FEC /* ZIPFoundation in Frameworks */,
				C2DC12742A6ACD8A000D99AB /* xlsxwriter in Frameworks */,
				C2546AED2A58A19400C83FEC /* SwiftCSV in Frameworks */,
			);
			runOnlyForDeploymentPostprocessing = 0;
		};
/* End PBXFrameworksBuildPhase section */

/* Begin PBXGroup section */
		C20749432A5B9F9E00240A66 /* CSVTableView */ = {
			isa = PBXGroup;
			children = (
				C2ED16B92A632AC80037A558 /* TableViewObjects */,
				C20749442A5B9FAB00240A66 /* CSVTableView.swift */,
				C2ED16B72A6312FB0037A558 /* CSVTableViewDelegate.swift */,
				C2B83CDD2A5DF036009763B6 /* CSVTableViewExtensions */,
				C20749462A5BA01700240A66 /* HeaderFilters */,
			);
			path = CSVTableView;
			sourceTree = "<group>";
		};
		C20749462A5BA01700240A66 /* HeaderFilters */ = {
			isa = PBXGroup;
			children = (
				C20749472A5BA02700240A66 /* AppStoreConnectSalesColumnHeaders.swift */,
			);
			path = HeaderFilters;
			sourceTree = "<group>";
		};
		C218CC552A61BE900046B90B /* ViewController */ = {
			isa = PBXGroup;
			children = (
				C2C8FB1D2A66CE8800DBD083 /* MainView */,
				C2B83CB82A5C774D009763B6 /* StatusBar */,
				C2B83CC62A5C9D0C009763B6 /* LaunchScreenData */,
				C218CC562A61BEBC0046B90B /* TableViewControls */,
			);
			name = ViewController;
			path = MainMenu/ViewController;
			sourceTree = "<group>";
		};
		C218CC562A61BEBC0046B90B /* TableViewControls */ = {
			isa = PBXGroup;
			children = (
				C2B83CCB2A5C9E5C009763B6 /* ViewController+Filters.swift */,
				C2C8FB212A66D1FE00DBD083 /* ViewController+HeaderColumnFilters.swift */,
			);
			path = TableViewControls;
			sourceTree = "<group>";
		};
		C253B1AF2A644C8900218532 /* FilterControlsView */ = {
			isa = PBXGroup;
			children = (
				C253B1B02A644C9A00218532 /* FilterControlsView.swift */,
				C253B1B42A64746600218532 /* CustomObjects */,
			);
			path = FilterControlsView;
			sourceTree = "<group>";
		};
		C253B1B42A64746600218532 /* CustomObjects */ = {
			isa = PBXGroup;
			children = (
				C253B1B52A64747900218532 /* BackgroundBlurView.swift */,
			);
			path = CustomObjects;
			sourceTree = "<group>";
		};
		C2546ADB2A5885DE00C83FEC /* ExchangeRateData */ = {
			isa = PBXGroup;
			children = (
				C2546AE02A58965900C83FEC /* ExchangeRateData.swift */,
				C2546AE72A58975E00C83FEC /* DownloadManager.swift */,
				C2546AE92A589A5000C83FEC /* DownloadManagerSession.swift */,
				C2546AF52A58A93F00C83FEC /* ParseCSV.swift */,
				C2546AF82A59B89800C83FEC /* ConvertCSV.swift */,
				C273B9272A5B32B900212717 /* DailyCheck.swift */,
			);
			path = ExchangeRateData;
			sourceTree = "<group>";
		};
		C2546AFA2A59B91900C83FEC /* Testing */ = {
			isa = PBXGroup;
			children = (
				C2546AFB2A59B93300C83FEC /* Debug.swift */,
			);
			path = Testing;
			sourceTree = "<group>";
		};
		C255F2FE2A5B7EE1004B7F95 /* ImportFile */ = {
			isa = PBXGroup;
			children = (
				C2B83CAB2A5C54B1009763B6 /* ViewController+ImportFile.swift */,
				C255F3062A5B8A03004B7F95 /* FileTemplates */,
				C255F3032A5B820D004B7F95 /* FileConversion */,
			);
			path = ImportFile;
			sourceTree = "<group>";
		};
		C255F3032A5B820D004B7F95 /* FileConversion */ = {
			isa = PBXGroup;
			children = (
				C255F3042A5B8225004B7F95 /* ConvertTSV.swift */,
				C2B83CCF2A5DB998009763B6 /* ConvertXLSX.swift */,
				C2B83CD72A5DC1FE009763B6 /* ConvertFile.swift */,
				C2B83CDB2A5DD7E6009763B6 /* RemoveEmptyEntries.swift */,
			);
			path = FileConversion;
			sourceTree = "<group>";
		};
		C255F3062A5B8A03004B7F95 /* FileTemplates */ = {
			isa = PBXGroup;
			children = (
				C2B83CB62A5C6907009763B6 /* FileExtensions.swift */,
				C255F3012A5B7F11004B7F95 /* FileTemplates.swift */,
			);
			path = FileTemplates;
			sourceTree = "<group>";
		};
		C2636F802A585D4D0091BE7D = {
			isa = PBXGroup;
			children = (
				C2636F8B2A585D4E0091BE7D /* Rates */,
				C2636F8A2A585D4E0091BE7D /* Products */,
			);
			sourceTree = "<group>";
		};
		C2636F8A2A585D4E0091BE7D /* Products */ = {
			isa = PBXGroup;
			children = (
				C2636F892A585D4E0091BE7D /* Rates.app */,
			);
			name = Products;
			sourceTree = "<group>";
		};
		C2636F8B2A585D4E0091BE7D /* Rates */ = {
			isa = PBXGroup;
			children = (
				C2BC707A2A68829000FB627F /* ExportTable */,
				C2BC70712A68590100FB627F /* SaveFileView */,
				C2B11C9A2A6628F50034FA1D /* Query */,
				C2B11C912A6598730034FA1D /* DataSelectionView */,
				C253B1AF2A644C8900218532 /* FilterControlsView */,
				C2B83CBF2A5C831B009763B6 /* MainMenu */,
				C2636F8C2A585D4E0091BE7D /* AppDelegate.swift */,
				C255F2D82A5B556B004B7F95 /* WindowController.swift */,
				C2C8FB1E2A66CF2600DBD083 /* WindowController */,
				C2636F8E2A585D4E0091BE7D /* ViewController.swift */,
				C218CC552A61BE900046B90B /* ViewController */,
				C20749432A5B9F9E00240A66 /* CSVTableView */,
				C255F2FE2A5B7EE1004B7F95 /* ImportFile */,
				C2636F902A585D4F0091BE7D /* Assets.xcassets */,
				C2636F922A585D4F0091BE7D /* Main.storyboard */,
				C2636F952A585D4F0091BE7D /* Rates.entitlements */,
				C2546ADB2A5885DE00C83FEC /* ExchangeRateData */,
				C2B83CD12A5DBAF8009763B6 /* Utilities */,
				C2636F9E2A587D9B0091BE7D /* Extensions */,
				C2636F9B2A5861280091BE7D /* Settings */,
				C2546AFA2A59B91900C83FEC /* Testing */,
			);
			path = Rates;
			sourceTree = "<group>";
		};
		C2636F9B2A5861280091BE7D /* Settings */ = {
			isa = PBXGroup;
			children = (
				C2636F9C2A5861350091BE7D /* Settings.swift */,
				C2546ADE2A58877B00C83FEC /* AppDefaults.swift */,
				C273B9252A5B2FB600212717 /* Constants.swift */,
			);
			path = Settings;
			sourceTree = "<group>";
		};
		C2636F9E2A587D9B0091BE7D /* Extensions */ = {
			isa = PBXGroup;
			children = (
				C2636FA72A5882480091BE7D /* KeysExtensions.swift */,
				C2546AF12A58A76A00C83FEC /* URLExtensions.swift */,
			);
			path = Extensions;
			sourceTree = "<group>";
		};
		C2B11C912A6598730034FA1D /* DataSelectionView */ = {
			isa = PBXGroup;
			children = (
				C2B11C922A6598A10034FA1D /* DataSelectionView.swift */,
				C2C8FB192A66CD6300DBD083 /* ViewController+DataSelectionViewHostingController.swift */,
				C2BC70782A686FF600FB627F /* LargeButton.swift */,
			);
			path = DataSelectionView;
			sourceTree = "<group>";
		};
		C2B11C9A2A6628F50034FA1D /* Query */ = {
			isa = PBXGroup;
			children = (
				C2B11C9D2A66298D0034FA1D /* Query.swift */,
				C2B11C9B2A6629160034FA1D /* Query+UsdExchangeRate.swift */,
				C2B11C9F2A6643950034FA1D /* Query+NewCurrencyExchangeRate.swift */,
			);
			path = Query;
			sourceTree = "<group>";
		};
		C2B83CB82A5C774D009763B6 /* StatusBar */ = {
			isa = PBXGroup;
			children = (
				C2B83CB92A5C776A009763B6 /* StatusBarState.swift */,
				C2B83CBB2A5C7AF4009763B6 /* ViewController+StatusBar.swift */,
				C2B83CBD2A5C7E96009763B6 /* ViewController+Reachability.swift */,
			);
			path = StatusBar;
			sourceTree = "<group>";
		};
		C2B83CBF2A5C831B009763B6 /* MainMenu */ = {
			isa = PBXGroup;
			children = (
				C2B83CC02A5C8339009763B6 /* Debug */,
			);
			path = MainMenu;
			sourceTree = "<group>";
		};
		C2B83CC02A5C8339009763B6 /* Debug */ = {
			isa = PBXGroup;
			children = (
				C2B83CC12A5C8350009763B6 /* DebugMenu.swift */,
			);
			path = Debug;
			sourceTree = "<group>";
		};
		C2B83CC62A5C9D0C009763B6 /* LaunchScreenData */ = {
			isa = PBXGroup;
			children = (
				C2B83CC72A5C9D22009763B6 /* LaunchScreenData.swift */,
				C2B11C942A66048F0034FA1D /* QueryCurrencyCodeHeaders.swift */,
			);
			path = LaunchScreenData;
			sourceTree = "<group>";
		};
		C2B83CD12A5DBAF8009763B6 /* Utilities */ = {
			isa = PBXGroup;
			children = (
				C2B83CD22A5DBB0D009763B6 /* Utility.swift */,
				C2B11C962A661E490034FA1D /* Utility+TableView.swift */,
			);
			path = Utilities;
			sourceTree = "<group>";
		};
		C2B83CDD2A5DF036009763B6 /* CSVTableViewExtensions */ = {
			isa = PBXGroup;
			children = (
				C2B83CDE2A5DF062009763B6 /* CSV+HeaderRow.swift */,
				C2ED16B52A6310A00037A558 /* CSV+FilterControls.swift */,
			);
			path = CSVTableViewExtensions;
			sourceTree = "<group>";
		};
		C2BC70712A68590100FB627F /* SaveFileView */ = {
			isa = PBXGroup;
			children = (
				C2BC70742A685A5900FB627F /* SaveFileView.swift */,
				C2BC70762A68643E00FB627F /* ViewController+SaveFileView.swift */,
				C2DC12752A6AE786000D99AB /* ViewController+RevealSavedFilePrompt.swift */,
			);
			path = SaveFileView;
			sourceTree = "<group>";
		};
		C2BC707A2A68829000FB627F /* ExportTable */ = {
			isa = PBXGroup;
			children = (
				C2BC70722A68593400FB627F /* ExportTable.swift */,
				C2BC707B2A68846700FB627F /* ViewController+ExportTable.swift */,
			);
			path = ExportTable;
			sourceTree = "<group>";
		};
		C2C8FB1D2A66CE8800DBD083 /* MainView */ = {
			isa = PBXGroup;
			children = (
				C2B83CCD2A5C9ED4009763B6 /* ViewController+Launch.swift */,
				C2C8FB1B2A66CE4E00DBD083 /* ViewController+Animations.swift */,
			);
			path = MainView;
			sourceTree = "<group>";
		};
		C2C8FB1E2A66CF2600DBD083 /* WindowController */ = {
			isa = PBXGroup;
			children = (
				C2C8FB1F2A66CF3600DBD083 /* ViewController+Toolbar.swift */,
			);
			path = WindowController;
			sourceTree = "<group>";
		};
		C2ED16B92A632AC80037A558 /* TableViewObjects */ = {
			isa = PBXGroup;
			children = (
				C2ED16BA2A632AEA0037A558 /* CenteredTextFieldCell.swift */,
			);
			path = TableViewObjects;
			sourceTree = "<group>";
		};
/* End PBXGroup section */

/* Begin PBXNativeTarget section */
		C2636F882A585D4D0091BE7D /* Rates */ = {
			isa = PBXNativeTarget;
			buildConfigurationList = C2636F982A585D4F0091BE7D /* Build configuration list for PBXNativeTarget "Rates" */;
			buildPhases = (
				C2636F852A585D4D0091BE7D /* Sources */,
				C2636F862A585D4D0091BE7D /* Frameworks */,
				C2636F872A585D4D0091BE7D /* Resources */,
			);
			buildRules = (
			);
			dependencies = (
			);
			name = Rates;
			packageProductDependencies = (
				C2546AE52A58973400C83FEC /* ZIPFoundation */,
				C2546AEC2A58A19400C83FEC /* SwiftCSV */,
				C2546AEF2A58A1D000C83FEC /* SQLite */,
				C2B83CD52A5DBBE3009763B6 /* CoreXLSX */,
				C2DC12732A6ACD8A000D99AB /* xlsxwriter */,
			);
			productName = Rates;
			productReference = C2636F892A585D4E0091BE7D /* Rates.app */;
			productType = "com.apple.product-type.application";
		};
/* End PBXNativeTarget section */

/* Begin PBXProject section */
		C2636F812A585D4D0091BE7D /* Project object */ = {
			isa = PBXProject;
			attributes = {
				BuildIndependentTargetsInParallel = 1;
				LastSwiftUpdateCheck = 1430;
				LastUpgradeCheck = 1430;
				TargetAttributes = {
					C2636F882A585D4D0091BE7D = {
						CreatedOnToolsVersion = 14.3.1;
					};
				};
			};
			buildConfigurationList = C2636F842A585D4D0091BE7D /* Build configuration list for PBXProject "Rates" */;
			compatibilityVersion = "Xcode 14.0";
			developmentRegion = en;
			hasScannedForEncodings = 0;
			knownRegions = (
				en,
				Base,
			);
			mainGroup = C2636F802A585D4D0091BE7D;
			packageReferences = (
				C2546AE42A58973400C83FEC /* XCRemoteSwiftPackageReference "ZIPFoundation" */,
				C2546AEB2A58A19400C83FEC /* XCRemoteSwiftPackageReference "SwiftCSV" */,
				C2546AEE2A58A1D000C83FEC /* XCRemoteSwiftPackageReference "SQLite.swift" */,
				C2B83CD42A5DBBE3009763B6 /* XCRemoteSwiftPackageReference "CoreXLSX" */,
				C2DC12722A6ACD8A000D99AB /* XCRemoteSwiftPackageReference "xlsxwriter" */,
			);
			productRefGroup = C2636F8A2A585D4E0091BE7D /* Products */;
			projectDirPath = "";
			projectRoot = "";
			targets = (
				C2636F882A585D4D0091BE7D /* Rates */,
			);
		};
/* End PBXProject section */

/* Begin PBXResourcesBuildPhase section */
		C2636F872A585D4D0091BE7D /* Resources */ = {
			isa = PBXResourcesBuildPhase;
			buildActionMask = 2147483647;
			files = (
				C2636F912A585D4F0091BE7D /* Assets.xcassets in Resources */,
				C2636F942A585D4F0091BE7D /* Main.storyboard in Resources */,
			);
			runOnlyForDeploymentPostprocessing = 0;
		};
/* End PBXResourcesBuildPhase section */

/* Begin PBXSourcesBuildPhase section */
		C2636F852A585D4D0091BE7D /* Sources */ = {
			isa = PBXSourcesBuildPhase;
			buildActionMask = 2147483647;
			files = (
				C20749452A5B9FAB00240A66 /* CSVTableView.swift in Sources */,
				C2546ADF2A58877B00C83FEC /* AppDefaults.swift in Sources */,
				C2B83CBA2A5C776A009763B6 /* StatusBarState.swift in Sources */,
				C2546AE12A58965900C83FEC /* ExchangeRateData.swift in Sources */,
				C2546AF62A58A93F00C83FEC /* ParseCSV.swift in Sources */,
				C2546AF92A59B89800C83FEC /* ConvertCSV.swift in Sources */,
				C2B83CC82A5C9D22009763B6 /* LaunchScreenData.swift in Sources */,
				C255F3022A5B7F11004B7F95 /* FileTemplates.swift in Sources */,
				C2B83CB72A5C6907009763B6 /* FileExtensions.swift in Sources */,
				C2BC70792A686FF600FB627F /* LargeButton.swift in Sources */,
				C2C8FB1A2A66CD6300DBD083 /* ViewController+DataSelectionViewHostingController.swift in Sources */,
				C2636F9D2A5861350091BE7D /* Settings.swift in Sources */,
				C2B83CDF2A5DF062009763B6 /* CSV+HeaderRow.swift in Sources */,
				C2BC70732A68593400FB627F /* ExportTable.swift in Sources */,
				C2B11C972A661E490034FA1D /* Utility+TableView.swift in Sources */,
				C2ED16B62A6310A00037A558 /* CSV+FilterControls.swift in Sources */,
				C2B83CBE2A5C7E96009763B6 /* ViewController+Reachability.swift in Sources */,
				C2546AFC2A59B93300C83FEC /* Debug.swift in Sources */,
				C2BC70772A68643E00FB627F /* ViewController+SaveFileView.swift in Sources */,
				C2B11C9E2A66298D0034FA1D /* Query.swift in Sources */,
				C2546AEA2A589A5000C83FEC /* DownloadManagerSession.swift in Sources */,
				C2BC707C2A68846700FB627F /* ViewController+ExportTable.swift in Sources */,
				C2636F8F2A585D4E0091BE7D /* ViewController.swift in Sources */,
				C2B11C9C2A6629160034FA1D /* Query+UsdExchangeRate.swift in Sources */,
				C2ED16BB2A632AEA0037A558 /* CenteredTextFieldCell.swift in Sources */,
				C2ED16B82A6312FB0037A558 /* CSVTableViewDelegate.swift in Sources */,
				C2C8FB222A66D1FE00DBD083 /* ViewController+HeaderColumnFilters.swift in Sources */,
				C273B9282A5B32B900212717 /* DailyCheck.swift in Sources */,
				C2B11C952A66048F0034FA1D /* QueryCurrencyCodeHeaders.swift in Sources */,
				C255F3052A5B8225004B7F95 /* ConvertTSV.swift in Sources */,
				C2DC12762A6AE786000D99AB /* ViewController+RevealSavedFilePrompt.swift in Sources */,
				C2636FA82A5882480091BE7D /* KeysExtensions.swift in Sources */,
				C2546AF22A58A76A00C83FEC /* URLExtensions.swift in Sources */,
				C2B11C932A6598A10034FA1D /* DataSelectionView.swift in Sources */,
				C2C8FB1C2A66CE4E00DBD083 /* ViewController+Animations.swift in Sources */,
				C253B1B62A64747900218532 /* BackgroundBlurView.swift in Sources */,
				C2B83CCC2A5C9E5C009763B6 /* ViewController+Filters.swift in Sources */,
				C255F2D92A5B556B004B7F95 /* WindowController.swift in Sources */,
				C2B83CCE2A5C9ED4009763B6 /* ViewController+Launch.swift in Sources */,
				C253B1B12A644C9A00218532 /* FilterControlsView.swift in Sources */,
				C20749482A5BA02700240A66 /* AppStoreConnectSalesColumnHeaders.swift in Sources */,
				C273B9262A5B2FB600212717 /* Constants.swift in Sources */,
				C2B83CC22A5C8350009763B6 /* DebugMenu.swift in Sources */,
				C2B11CA02A6643950034FA1D /* Query+NewCurrencyExchangeRate.swift in Sources */,
				C2636F8D2A585D4E0091BE7D /* AppDelegate.swift in Sources */,
				C2B83CD02A5DB998009763B6 /* ConvertXLSX.swift in Sources */,
				C2BC70752A685A5900FB627F /* SaveFileView.swift in Sources */,
				C2B83CDC2A5DD7E6009763B6 /* RemoveEmptyEntries.swift in Sources */,
				C2B83CD32A5DBB0D009763B6 /* Utility.swift in Sources */,
				C2546AE82A58975E00C83FEC /* DownloadManager.swift in Sources */,
				C2B83CBC2A5C7AF4009763B6 /* ViewController+StatusBar.swift in Sources */,
				C2B83CD82A5DC1FE009763B6 /* ConvertFile.swift in Sources */,
				C2B83CAC2A5C54B1009763B6 /* ViewController+ImportFile.swift in Sources */,
				C2C8FB202A66CF3600DBD083 /* ViewController+Toolbar.swift in Sources */,
			);
			runOnlyForDeploymentPostprocessing = 0;
		};
/* End PBXSourcesBuildPhase section */

/* Begin PBXVariantGroup section */
		C2636F922A585D4F0091BE7D /* Main.storyboard */ = {
			isa = PBXVariantGroup;
			children = (
				C2636F932A585D4F0091BE7D /* Base */,
			);
			name = Main.storyboard;
			sourceTree = "<group>";
		};
/* End PBXVariantGroup section */

/* Begin XCBuildConfiguration section */
		C2636F962A585D4F0091BE7D /* Debug */ = {
			isa = XCBuildConfiguration;
			buildSettings = {
				ALWAYS_SEARCH_USER_PATHS = NO;
				CLANG_ANALYZER_NONNULL = YES;
				CLANG_ANALYZER_NUMBER_OBJECT_CONVERSION = YES_AGGRESSIVE;
				CLANG_CXX_LANGUAGE_STANDARD = "gnu++20";
				CLANG_ENABLE_MODULES = YES;
				CLANG_ENABLE_OBJC_ARC = YES;
				CLANG_ENABLE_OBJC_WEAK = YES;
				CLANG_WARN_BLOCK_CAPTURE_AUTORELEASING = YES;
				CLANG_WARN_BOOL_CONVERSION = YES;
				CLANG_WARN_COMMA = YES;
				CLANG_WARN_CONSTANT_CONVERSION = YES;
				CLANG_WARN_DEPRECATED_OBJC_IMPLEMENTATIONS = YES;
				CLANG_WARN_DIRECT_OBJC_ISA_USAGE = YES_ERROR;
				CLANG_WARN_DOCUMENTATION_COMMENTS = YES;
				CLANG_WARN_EMPTY_BODY = YES;
				CLANG_WARN_ENUM_CONVERSION = YES;
				CLANG_WARN_INFINITE_RECURSION = YES;
				CLANG_WARN_INT_CONVERSION = YES;
				CLANG_WARN_NON_LITERAL_NULL_CONVERSION = YES;
				CLANG_WARN_OBJC_IMPLICIT_RETAIN_SELF = YES;
				CLANG_WARN_OBJC_LITERAL_CONVERSION = YES;
				CLANG_WARN_OBJC_ROOT_CLASS = YES_ERROR;
				CLANG_WARN_QUOTED_INCLUDE_IN_FRAMEWORK_HEADER = YES;
				CLANG_WARN_RANGE_LOOP_ANALYSIS = YES;
				CLANG_WARN_STRICT_PROTOTYPES = YES;
				CLANG_WARN_SUSPICIOUS_MOVE = YES;
				CLANG_WARN_UNGUARDED_AVAILABILITY = YES_AGGRESSIVE;
				CLANG_WARN_UNREACHABLE_CODE = YES;
				CLANG_WARN__DUPLICATE_METHOD_MATCH = YES;
				COPY_PHASE_STRIP = NO;
				DEBUG_INFORMATION_FORMAT = dwarf;
				ENABLE_STRICT_OBJC_MSGSEND = YES;
				ENABLE_TESTABILITY = YES;
				GCC_C_LANGUAGE_STANDARD = gnu11;
				GCC_DYNAMIC_NO_PIC = NO;
				GCC_NO_COMMON_BLOCKS = YES;
				GCC_OPTIMIZATION_LEVEL = 0;
				GCC_PREPROCESSOR_DEFINITIONS = (
					"DEBUG=1",
					"$(inherited)",
				);
				GCC_WARN_64_TO_32_BIT_CONVERSION = YES;
				GCC_WARN_ABOUT_RETURN_TYPE = YES_ERROR;
				GCC_WARN_UNDECLARED_SELECTOR = YES;
				GCC_WARN_UNINITIALIZED_AUTOS = YES_AGGRESSIVE;
				GCC_WARN_UNUSED_FUNCTION = YES;
				GCC_WARN_UNUSED_VARIABLE = YES;
				MACOSX_DEPLOYMENT_TARGET = 13.3;
				MTL_ENABLE_DEBUG_INFO = INCLUDE_SOURCE;
				MTL_FAST_MATH = YES;
				ONLY_ACTIVE_ARCH = YES;
				SDKROOT = macosx;
				SWIFT_ACTIVE_COMPILATION_CONDITIONS = DEBUG;
				SWIFT_OPTIMIZATION_LEVEL = "-Onone";
			};
			name = Debug;
		};
		C2636F972A585D4F0091BE7D /* Release */ = {
			isa = XCBuildConfiguration;
			buildSettings = {
				ALWAYS_SEARCH_USER_PATHS = NO;
				CLANG_ANALYZER_NONNULL = YES;
				CLANG_ANALYZER_NUMBER_OBJECT_CONVERSION = YES_AGGRESSIVE;
				CLANG_CXX_LANGUAGE_STANDARD = "gnu++20";
				CLANG_ENABLE_MODULES = YES;
				CLANG_ENABLE_OBJC_ARC = YES;
				CLANG_ENABLE_OBJC_WEAK = YES;
				CLANG_WARN_BLOCK_CAPTURE_AUTORELEASING = YES;
				CLANG_WARN_BOOL_CONVERSION = YES;
				CLANG_WARN_COMMA = YES;
				CLANG_WARN_CONSTANT_CONVERSION = YES;
				CLANG_WARN_DEPRECATED_OBJC_IMPLEMENTATIONS = YES;
				CLANG_WARN_DIRECT_OBJC_ISA_USAGE = YES_ERROR;
				CLANG_WARN_DOCUMENTATION_COMMENTS = YES;
				CLANG_WARN_EMPTY_BODY = YES;
				CLANG_WARN_ENUM_CONVERSION = YES;
				CLANG_WARN_INFINITE_RECURSION = YES;
				CLANG_WARN_INT_CONVERSION = YES;
				CLANG_WARN_NON_LITERAL_NULL_CONVERSION = YES;
				CLANG_WARN_OBJC_IMPLICIT_RETAIN_SELF = YES;
				CLANG_WARN_OBJC_LITERAL_CONVERSION = YES;
				CLANG_WARN_OBJC_ROOT_CLASS = YES_ERROR;
				CLANG_WARN_QUOTED_INCLUDE_IN_FRAMEWORK_HEADER = YES;
				CLANG_WARN_RANGE_LOOP_ANALYSIS = YES;
				CLANG_WARN_STRICT_PROTOTYPES = YES;
				CLANG_WARN_SUSPICIOUS_MOVE = YES;
				CLANG_WARN_UNGUARDED_AVAILABILITY = YES_AGGRESSIVE;
				CLANG_WARN_UNREACHABLE_CODE = YES;
				CLANG_WARN__DUPLICATE_METHOD_MATCH = YES;
				COPY_PHASE_STRIP = NO;
				DEBUG_INFORMATION_FORMAT = "dwarf-with-dsym";
				ENABLE_NS_ASSERTIONS = NO;
				ENABLE_STRICT_OBJC_MSGSEND = YES;
				GCC_C_LANGUAGE_STANDARD = gnu11;
				GCC_NO_COMMON_BLOCKS = YES;
				GCC_WARN_64_TO_32_BIT_CONVERSION = YES;
				GCC_WARN_ABOUT_RETURN_TYPE = YES_ERROR;
				GCC_WARN_UNDECLARED_SELECTOR = YES;
				GCC_WARN_UNINITIALIZED_AUTOS = YES_AGGRESSIVE;
				GCC_WARN_UNUSED_FUNCTION = YES;
				GCC_WARN_UNUSED_VARIABLE = YES;
				MACOSX_DEPLOYMENT_TARGET = 13.3;
				MTL_ENABLE_DEBUG_INFO = NO;
				MTL_FAST_MATH = YES;
				SDKROOT = macosx;
				SWIFT_COMPILATION_MODE = wholemodule;
				SWIFT_OPTIMIZATION_LEVEL = "-O";
			};
			name = Release;
		};
		C2636F992A585D4F0091BE7D /* Debug */ = {
			isa = XCBuildConfiguration;
			buildSettings = {
				ASSETCATALOG_COMPILER_APPICON_NAME = AppIcon;
				ASSETCATALOG_COMPILER_GLOBAL_ACCENT_COLOR_NAME = AccentColor;
				CODE_SIGN_ENTITLEMENTS = Rates/Rates.entitlements;
				CODE_SIGN_STYLE = Automatic;
				COMBINE_HIDPI_IMAGES = YES;
				CURRENT_PROJECT_VERSION = 1;
				DEVELOPMENT_TEAM = 85N3S3DG8M;
				ENABLE_HARDENED_RUNTIME = YES;
				GENERATE_INFOPLIST_FILE = YES;
				INFOPLIST_KEY_LSApplicationCategoryType = "public.app-category.developer-tools";
				INFOPLIST_KEY_NSHumanReadableCopyright = "";
				INFOPLIST_KEY_NSMainStoryboardFile = Main;
				INFOPLIST_KEY_NSPrincipalClass = NSApplication;
				LD_RUNPATH_SEARCH_PATHS = (
					"$(inherited)",
					"@executable_path/../Frameworks",
				);
				MACOSX_DEPLOYMENT_TARGET = 11.0;
				MARKETING_VERSION = 1.0;
				PRODUCT_BUNDLE_IDENTIFIER = ca.justinbush.Rates;
				PRODUCT_NAME = "$(TARGET_NAME)";
				SWIFT_EMIT_LOC_STRINGS = YES;
				SWIFT_VERSION = 5.0;
			};
			name = Debug;
		};
		C2636F9A2A585D4F0091BE7D /* Release */ = {
			isa = XCBuildConfiguration;
			buildSettings = {
				ASSETCATALOG_COMPILER_APPICON_NAME = AppIcon;
				ASSETCATALOG_COMPILER_GLOBAL_ACCENT_COLOR_NAME = AccentColor;
				CODE_SIGN_ENTITLEMENTS = Rates/Rates.entitlements;
				CODE_SIGN_STYLE = Automatic;
				COMBINE_HIDPI_IMAGES = YES;
				CURRENT_PROJECT_VERSION = 1;
				DEVELOPMENT_TEAM = 85N3S3DG8M;
				ENABLE_HARDENED_RUNTIME = YES;
				GENERATE_INFOPLIST_FILE = YES;
				INFOPLIST_KEY_LSApplicationCategoryType = "public.app-category.developer-tools";
				INFOPLIST_KEY_NSHumanReadableCopyright = "";
				INFOPLIST_KEY_NSMainStoryboardFile = Main;
				INFOPLIST_KEY_NSPrincipalClass = NSApplication;
				LD_RUNPATH_SEARCH_PATHS = (
					"$(inherited)",
					"@executable_path/../Frameworks",
				);
				MACOSX_DEPLOYMENT_TARGET = 11.0;
				MARKETING_VERSION = 1.0;
				PRODUCT_BUNDLE_IDENTIFIER = ca.justinbush.Rates;
				PRODUCT_NAME = "$(TARGET_NAME)";
				SWIFT_EMIT_LOC_STRINGS = YES;
				SWIFT_VERSION = 5.0;
			};
			name = Release;
		};
/* End XCBuildConfiguration section */

/* Begin XCConfigurationList section */
		C2636F842A585D4D0091BE7D /* Build configuration list for PBXProject "Rates" */ = {
			isa = XCConfigurationList;
			buildConfigurations = (
				C2636F962A585D4F0091BE7D /* Debug */,
				C2636F972A585D4F0091BE7D /* Release */,
			);
			defaultConfigurationIsVisible = 0;
			defaultConfigurationName = Release;
		};
		C2636F982A585D4F0091BE7D /* Build configuration list for PBXNativeTarget "Rates" */ = {
			isa = XCConfigurationList;
			buildConfigurations = (
				C2636F992A585D4F0091BE7D /* Debug */,
				C2636F9A2A585D4F0091BE7D /* Release */,
			);
			defaultConfigurationIsVisible = 0;
			defaultConfigurationName = Release;
		};
/* End XCConfigurationList section */

/* Begin XCRemoteSwiftPackageReference section */
		C2546AE42A58973400C83FEC /* XCRemoteSwiftPackageReference "ZIPFoundation" */ = {
			isa = XCRemoteSwiftPackageReference;
			repositoryURL = "https://github.com/weichsel/ZIPFoundation.git";
			requirement = {
				kind = upToNextMajorVersion;
				minimumVersion = 0.9.16;
			};
		};
		C2546AEB2A58A19400C83FEC /* XCRemoteSwiftPackageReference "SwiftCSV" */ = {
			isa = XCRemoteSwiftPackageReference;
			repositoryURL = "https://github.com/naoty/SwiftCSV.git";
			requirement = {
				kind = upToNextMajorVersion;
				minimumVersion = 0.8.1;
			};
		};
		C2546AEE2A58A1D000C83FEC /* XCRemoteSwiftPackageReference "SQLite.swift" */ = {
			isa = XCRemoteSwiftPackageReference;
			repositoryURL = "https://github.com/stephencelis/SQLite.swift.git";
			requirement = {
				kind = upToNextMajorVersion;
				minimumVersion = 0.14.1;
			};
		};
		C2B83CD42A5DBBE3009763B6 /* XCRemoteSwiftPackageReference "CoreXLSX" */ = {
			isa = XCRemoteSwiftPackageReference;
			repositoryURL = "https://github.com/CoreOffice/CoreXLSX.git";
			requirement = {
				kind = upToNextMajorVersion;
				minimumVersion = 0.14.2;
			};
		};
		C2DC12722A6ACD8A000D99AB /* XCRemoteSwiftPackageReference "xlsxwriter" */ = {
			isa = XCRemoteSwiftPackageReference;
			repositoryURL = "https://github.com/damuellen/xlsxwriter.swift";
			requirement = {
				branch = SPM;
				kind = branch;
			};
		};
/* End XCRemoteSwiftPackageReference section */

/* Begin XCSwiftPackageProductDependency section */
		C2546AE52A58973400C83FEC /* ZIPFoundation */ = {
			isa = XCSwiftPackageProductDependency;
			package = C2546AE42A58973400C83FEC /* XCRemoteSwiftPackageReference "ZIPFoundation" */;
			productName = ZIPFoundation;
		};
		C2546AEC2A58A19400C83FEC /* SwiftCSV */ = {
			isa = XCSwiftPackageProductDependency;
			package = C2546AEB2A58A19400C83FEC /* XCRemoteSwiftPackageReference "SwiftCSV" */;
			productName = SwiftCSV;
		};
		C2546AEF2A58A1D000C83FEC /* SQLite */ = {
			isa = XCSwiftPackageProductDependency;
			package = C2546AEE2A58A1D000C83FEC /* XCRemoteSwiftPackageReference "SQLite.swift" */;
			productName = SQLite;
		};
		C2B83CD52A5DBBE3009763B6 /* CoreXLSX */ = {
			isa = XCSwiftPackageProductDependency;
			package = C2B83CD42A5DBBE3009763B6 /* XCRemoteSwiftPackageReference "CoreXLSX" */;
			productName = CoreXLSX;
		};
		C2DC12732A6ACD8A000D99AB /* xlsxwriter */ = {
			isa = XCSwiftPackageProductDependency;
			package = C2DC12722A6ACD8A000D99AB /* XCRemoteSwiftPackageReference "xlsxwriter" */;
			productName = xlsxwriter;
		};
/* End XCSwiftPackageProductDependency section */
	};
	rootObject = C2636F812A585D4D0091BE7D /* Project object */;
}
